// !$*UTF8*$!
{
	archiveVersion = 1;
	classes = {
	};
	objectVersion = 46;
	objects = {

/* Begin PBXBuildFile section */
		0A22AEAE1D4C3E1200E21944 /* images-2.jpeg in Resources */ = {isa = PBXBuildFile; fileRef = 0A22AEAD1D4C3E1200E21944 /* images-2.jpeg */; };
		0AF755081D4B9C73007AF117 /* main.m in Sources */ = {isa = PBXBuildFile; fileRef = 0AF755071D4B9C73007AF117 /* main.m */; };
		0AF7550B1D4B9C73007AF117 /* AppDelegate.m in Sources */ = {isa = PBXBuildFile; fileRef = 0AF7550A1D4B9C73007AF117 /* AppDelegate.m */; };
		0AF7550E1D4B9C73007AF117 /* ViewController.m in Sources */ = {isa = PBXBuildFile; fileRef = 0AF7550D1D4B9C73007AF117 /* ViewController.m */; };
		0AF755111D4B9C73007AF117 /* Main.storyboard in Resources */ = {isa = PBXBuildFile; fileRef = 0AF7550F1D4B9C73007AF117 /* Main.storyboard */; };
		0AF755131D4B9C73007AF117 /* Assets.xcassets in Resources */ = {isa = PBXBuildFile; fileRef = 0AF755121D4B9C73007AF117 /* Assets.xcassets */; };
		0AF755161D4B9C73007AF117 /* LaunchScreen.storyboard in Resources */ = {isa = PBXBuildFile; fileRef = 0AF755141D4B9C73007AF117 /* LaunchScreen.storyboard */; };
		0AF7551E1D4B9E50007AF117 /* alligator-25.png in Resources */ = {isa = PBXBuildFile; fileRef = 0AF7551D1D4B9E50007AF117 /* alligator-25.png */; };
		0AF755241D4BA4B5007AF117 /* images.jpeg in Resources */ = {isa = PBXBuildFile; fileRef = 0AF755231D4BA4B5007AF117 /* images.jpeg */; };
		0AF755271D4BA640007AF117 /* CollectionViewCell.m in Sources */ = {isa = PBXBuildFile; fileRef = 0AF755261D4BA640007AF117 /* CollectionViewCell.m */; };
		0AF755291D4BA7E4007AF117 /* UIKit.framework in Frameworks */ = {isa = PBXBuildFile; fileRef = 0AF755281D4BA7E4007AF117 /* UIKit.framework */; };
		0AF7552B1D4BA7F7007AF117 /* Foundation.framework in Frameworks */ = {isa = PBXBuildFile; fileRef = 0AF7552A1D4BA7F7007AF117 /* Foundation.framework */; };
		0AF7552D1D4BA7FF007AF117 /* CoreGraphics.framework in Frameworks */ = {isa = PBXBuildFile; fileRef = 0AF7552C1D4BA7FF007AF117 /* CoreGraphics.framework */; };
/* End PBXBuildFile section */

/* Begin PBXFileReference section */
		0A22AEAD1D4C3E1200E21944 /* images-2.jpeg */ = {isa = PBXFileReference; lastKnownFileType = image.jpeg; name = "images-2.jpeg"; path = "../../../images-2.jpeg"; sourceTree = "<group>"; };
		0AF755031D4B9C73007AF117 /* CollectionViewWithThreads.app */ = {isa = PBXFileReference; explicitFileType = wrapper.application; includeInIndex = 0; path = CollectionViewWithThreads.app; sourceTree = BUILT_PRODUCTS_DIR; };
		0AF755071D4B9C73007AF117 /* main.m */ = {isa = PBXFileReference; lastKnownFileType = sourcecode.c.objc; path = main.m; sourceTree = "<group>"; };
		0AF755091D4B9C73007AF117 /* AppDelegate.h */ = {isa = PBXFileReference; lastKnownFileType = sourcecode.c.h; path = AppDelegate.h; sourceTree = "<group>"; };
		0AF7550A1D4B9C73007AF117 /* AppDelegate.m */ = {isa = PBXFileReference; lastKnownFileType = sourcecode.c.objc; path = AppDelegate.m; sourceTree = "<group>"; };
		0AF7550C1D4B9C73007AF117 /* ViewController.h */ = {isa = PBXFileReference; lastKnownFileType = sourcecode.c.h; path = ViewController.h; sourceTree = "<group>"; };
		0AF7550D1D4B9C73007AF117 /* ViewController.m */ = {isa = PBXFileReference; lastKnownFileType = sourcecode.c.objc; path = ViewController.m; sourceTree = "<group>"; };
		0AF755101D4B9C73007AF117 /* Base */ = {isa = PBXFileReference; lastKnownFileType = file.storyboard; name = Base; path = Base.lproj/Main.storyboard; sourceTree = "<group>"; };
		0AF755121D4B9C73007AF117 /* Assets.xcassets */ = {isa = PBXFileReference; lastKnownFileType = folder.assetcatalog; path = Assets.xcassets; sourceTree = "<group>"; };
		0AF755151D4B9C73007AF117 /* Base */ = {isa = PBXFileReference; lastKnownFileType = file.storyboard; name = Base; path = Base.lproj/LaunchScreen.storyboard; sourceTree = "<group>"; };
		0AF755171D4B9C73007AF117 /* Info.plist */ = {isa = PBXFileReference; lastKnownFileType = text.plist.xml; path = Info.plist; sourceTree = "<group>"; };
		0AF7551D1D4B9E50007AF117 /* alligator-25.png */ = {isa = PBXFileReference; lastKnownFileType = image.png; path = "alligator-25.png"; sourceTree = "<group>"; };
		0AF755231D4BA4B5007AF117 /* images.jpeg */ = {isa = PBXFileReference; lastKnownFileType = image.jpeg; path = images.jpeg; sourceTree = "<group>"; };
		0AF755251D4BA640007AF117 /* CollectionViewCell.h */ = {isa = PBXFileReference; fileEncoding = 4; lastKnownFileType = sourcecode.c.h; path = CollectionViewCell.h; sourceTree = "<group>"; };
		0AF755261D4BA640007AF117 /* CollectionViewCell.m */ = {isa = PBXFileReference; fileEncoding = 4; lastKnownFileType = sourcecode.c.objc; path = CollectionViewCell.m; sourceTree = "<group>"; };
		0AF755281D4BA7E4007AF117 /* UIKit.framework */ = {isa = PBXFileReference; lastKnownFileType = wrapper.framework; name = UIKit.framework; path = System/Library/Frameworks/UIKit.framework; sourceTree = SDKROOT; };
		0AF7552A1D4BA7F7007AF117 /* Foundation.framework */ = {isa = PBXFileReference; lastKnownFileType = wrapper.framework; name = Foundation.framework; path = System/Library/Frameworks/Foundation.framework; sourceTree = SDKROOT; };
		0AF7552C1D4BA7FF007AF117 /* CoreGraphics.framework */ = {isa = PBXFileReference; lastKnownFileType = wrapper.framework; name = CoreGraphics.framework; path = System/Library/Frameworks/CoreGraphics.framework; sourceTree = SDKROOT; };
/* End PBXFileReference section */

/* Begin PBXFrameworksBuildPhase section */
		0AF755001D4B9C73007AF117 /* Frameworks */ = {
			isa = PBXFrameworksBuildPhase;
			buildActionMask = 2147483647;
			files = (
				0AF755291D4BA7E4007AF117 /* UIKit.framework in Frameworks */,
				0AF7552B1D4BA7F7007AF117 /* Foundation.framework in Frameworks */,
				0AF7552D1D4BA7FF007AF117 /* CoreGraphics.framework in Frameworks */,
			);
			runOnlyForDeploymentPostprocessing = 0;
		};
/* End PBXFrameworksBuildPhase section */

/* Begin PBXGroup section */
		0AF754FA1D4B9C73007AF117 = {
			isa = PBXGroup;
			children = (
				0AF755051D4B9C73007AF117 /* CollectionViewWithThreads */,
				0AF755041D4B9C73007AF117 /* Products */,
				0AF7552E1D4BA817007AF117 /* Frameworks */,
			);
			sourceTree = "<group>";
		};
		0AF755041D4B9C73007AF117 /* Products */ = {
			isa = PBXGroup;
			children = (
				0AF755031D4B9C73007AF117 /* CollectionViewWithThreads.app */,
			);
			name = Products;
			sourceTree = "<group>";
		};
		0AF755051D4B9C73007AF117 /* CollectionViewWithThreads */ = {
			isa = PBXGroup;
			children = (
				0AF755091D4B9C73007AF117 /* AppDelegate.h */,
				0AF7550A1D4B9C73007AF117 /* AppDelegate.m */,
				0AF7550C1D4B9C73007AF117 /* ViewController.h */,
				0AF7550D1D4B9C73007AF117 /* ViewController.m */,
				0AF7550F1D4B9C73007AF117 /* Main.storyboard */,
				0AF755121D4B9C73007AF117 /* Assets.xcassets */,
				0AF755141D4B9C73007AF117 /* LaunchScreen.storyboard */,
				0AF755251D4BA640007AF117 /* CollectionViewCell.h */,
				0AF755261D4BA640007AF117 /* CollectionViewCell.m */,
				0AF755171D4B9C73007AF117 /* Info.plist */,
				0AF755061D4B9C73007AF117 /* Supporting Files */,
			);
			path = CollectionViewWithThreads;
			sourceTree = "<group>";
		};
		0AF755061D4B9C73007AF117 /* Supporting Files */ = {
			isa = PBXGroup;
			children = (
				0A22AEAD1D4C3E1200E21944 /* images-2.jpeg */,
				0AF755231D4BA4B5007AF117 /* images.jpeg */,
				0AF7551D1D4B9E50007AF117 /* alligator-25.png */,
				0AF755071D4B9C73007AF117 /* main.m */,
			);
			name = "Supporting Files";
			sourceTree = "<group>";
		};
		0AF7552E1D4BA817007AF117 /* Frameworks */ = {
			isa = PBXGroup;
			children = (
				0AF755281D4BA7E4007AF117 /* UIKit.framework */,
				0AF7552A1D4BA7F7007AF117 /* Foundation.framework */,
				0AF7552C1D4BA7FF007AF117 /* CoreGraphics.framework */,
			);
			name = Frameworks;
			sourceTree = "<group>";
		};
/* End PBXGroup section */

/* Begin PBXNativeTarget section */
		0AF755021D4B9C73007AF117 /* CollectionViewWithThreads */ = {
			isa = PBXNativeTarget;
			buildConfigurationList = 0AF7551A1D4B9C73007AF117 /* Build configuration list for PBXNativeTarget "CollectionViewWithThreads" */;
			buildPhases = (
				0AF754FF1D4B9C73007AF117 /* Sources */,
				0AF755001D4B9C73007AF117 /* Frameworks */,
				0AF755011D4B9C73007AF117 /* Resources */,
			);
			buildRules = (
			);
			dependencies = (
			);
			name = CollectionViewWithThreads;
			productName = CollectionViewWithThreads;
			productReference = 0AF755031D4B9C73007AF117 /* CollectionViewWithThreads.app */;
			productType = "com.apple.product-type.application";
		};
/* End PBXNativeTarget section */

/* Begin PBXProject section */
		0AF754FB1D4B9C73007AF117 /* Project object */ = {
			isa = PBXProject;
			attributes = {
				LastUpgradeCheck = 0730;
				ORGANIZATIONNAME = "Priyanka Bandaru";
				TargetAttributes = {
					0AF755021D4B9C73007AF117 = {
						CreatedOnToolsVersion = 7.3.1;
					};
				};
			};
			buildConfigurationList = 0AF754FE1D4B9C73007AF117 /* Build configuration list for PBXProject "CollectionViewWithThreads" */;
			compatibilityVersion = "Xcode 3.2";
			developmentRegion = English;
			hasScannedForEncodings = 0;
			knownRegions = (
				en,
				Base,
			);
			mainGroup = 0AF754FA1D4B9C73007AF117;
			productRefGroup = 0AF755041D4B9C73007AF117 /* Products */;
			projectDirPath = "";
			projectRoot = "";
			targets = (
				0AF755021D4B9C73007AF117 /* CollectionViewWithThreads */,
			);
		};
/* End PBXProject section */

/* Begin PBXResourcesBuildPhase section */
		0AF755011D4B9C73007AF117 /* Resources */ = {
			isa = PBXResourcesBuildPhase;
			buildActionMask = 2147483647;
			files = (
				0AF755161D4B9C73007AF117 /* LaunchScreen.storyboard in Resources */,
				0AF755241D4BA4B5007AF117 /* images.jpeg in Resources */,
				0AF755131D4B9C73007AF117 /* Assets.xcassets in Resources */,
				0AF7551E1D4B9E50007AF117 /* alligator-25.png in Resources */,
				0A22AEAE1D4C3E1200E21944 /* images-2.jpeg in Resources */,
				0AF755111D4B9C73007AF117 /* Main.storyboard in Resources */,
			);
			runOnlyForDeploymentPostprocessing = 0;
		};
/* End PBXResourcesBuildPhase section */

/* Begin PBXSourcesBuildPhase section */
		0AF754FF1D4B9C73007AF117 /* Sources */ = {
			isa = PBXSourcesBuildPhase;
			buildActionMask = 2147483647;
			files = (
				0AF7550E1D4B9C73007AF117 /* ViewController.m in Sources */,
				0AF7550B1D4B9C73007AF117 /* AppDelegate.m in Sources */,
				0AF755271D4BA640007AF117 /* CollectionViewCell.m in Sources */,
				0AF755081D4B9C73007AF117 /* main.m in Sources */,
			);
			runOnlyForDeploymentPostprocessing = 0;
		};
/* End PBXSourcesBuildPhase section */

/* Begin PBXVariantGroup section */
		0AF7550F1D4B9C73007AF117 /* Main.storyboard */ = {
			isa = PBXVariantGroup;
			children = (
				0AF755101D4B9C73007AF117 /* Base */,
			);
			name = Main.storyboard;
			sourceTree = "<group>";
		};
		0AF755141D4B9C73007AF117 /* LaunchScreen.storyboard */ = {
			isa = PBXVariantGroup;
			children = (
				0AF755151D4B9C73007AF117 /* Base */,
			);
			name = LaunchScreen.storyboard;
			sourceTree = "<group>";
		};
/* End PBXVariantGroup section */

/* Begin XCBuildConfiguration section */
		0AF755181D4B9C73007AF117 /* Debug */ = {
			isa = XCBuildConfiguration;
			buildSettings = {
				ALWAYS_SEARCH_USER_PATHS = NO;
				CLANG_ANALYZER_NONNULL = YES;
				CLANG_CXX_LANGUAGE_STANDARD = "gnu++0x";
				CLANG_CXX_LIBRARY = "libc++";
				CLANG_ENABLE_MODULES = YES;
				CLANG_ENABLE_OBJC_ARC = YES;
				CLANG_WARN_BOOL_CONVERSION = YES;
				CLANG_WARN_CONSTANT_CONVERSION = YES;
				CLANG_WARN_DIRECT_OBJC_ISA_USAGE = YES_ERROR;
				CLANG_WARN_EMPTY_BODY = YES;
				CLANG_WARN_ENUM_CONVERSION = YES;
				CLANG_WARN_INT_CONVERSION = YES;
				CLANG_WARN_OBJC_ROOT_CLASS = YES_ERROR;
				CLANG_WARN_UNREACHABLE_CODE = YES;
				CLANG_WARN__DUPLICATE_METHOD_MATCH = YES;
				"CODE_SIGN_IDENTITY[sdk=iphoneos*]" = "iPhone Developer";
				COPY_PHASE_STRIP = NO;
				DEBUG_INFORMATION_FORMAT = dwarf;
				ENABLE_STRICT_OBJC_MSGSEND = YES;
				ENABLE_TESTABILITY = YES;
				GCC_C_LANGUAGE_STANDARD = gnu99;
				GCC_DYNAMIC_NO_PIC = NO;
				GCC_NO_COMMON_BLOCKS = YES;
				GCC_OPTIMIZATION_LEVEL = 0;
				GCC_PREPROCESSOR_DEFINITIONS = (
					"DEBUG=1",
					"$(inherited)",
				);
				GCC_WARN_64_TO_32_BIT_CONVERSION = YES;
				GCC_WARN_ABOUT_RETURN_TYPE = YES_ERROR;
				GCC_WARN_UNDECLARED_SELECTOR = YES;
				GCC_WARN_UNINITIALIZED_AUTOS = YES_AGGRESSIVE;
				GCC_WARN_UNUSED_FUNCTION = YES;
				GCC_WARN_UNUSED_VARIABLE = YES;
				IPHONEOS_DEPLOYMENT_TARGET = 9.3;
				MTL_ENABLE_DEBUG_INFO = YES;
				ONLY_ACTIVE_ARCH = YES;
				SDKROOT = iphoneos;
				TARGETED_DEVICE_FAMILY = "1,2";
			};
			name = Debug;
		};
		0AF755191D4B9C73007AF117 /* Release */ = {
			isa = XCBuildConfiguration;
			buildSettings = {
				ALWAYS_SEARCH_USER_PATHS = NO;
				CLANG_ANALYZER_NONNULL = YES;
				CLANG_CXX_LANGUAGE_STANDARD = "gnu++0x";
				CLANG_CXX_LIBRARY = "libc++";
				CLANG_ENABLE_MODULES = YES;
				CLANG_ENABLE_OBJC_ARC = YES;
				CLANG_WARN_BOOL_CONVERSION = YES;
				CLANG_WARN_CONSTANT_CONVERSION = YES;
				CLANG_WARN_DIRECT_OBJC_ISA_USAGE = YES_ERROR;
				CLANG_WARN_EMPTY_BODY = YES;
				CLANG_WARN_ENUM_CONVERSION = YES;
				CLANG_WARN_INT_CONVERSION = YES;
				CLANG_WARN_OBJC_ROOT_CLASS = YES_ERROR;
				CLANG_WARN_UNREACHABLE_CODE = YES;
				CLANG_WARN__DUPLICATE_METHOD_MATCH = YES;
				"CODE_SIGN_IDENTITY[sdk=iphoneos*]" = "iPhone Developer";
				COPY_PHASE_STRIP = NO;
				DEBUG_INFORMATION_FORMAT = "dwarf-with-dsym";
				ENABLE_NS_ASSERTIONS = NO;
				ENABLE_STRICT_OBJC_MSGSEND = YES;
				GCC_C_LANGUAGE_STANDARD = gnu99;
				GCC_NO_COMMON_BLOCKS = YES;
				GCC_WARN_64_TO_32_BIT_CONVERSION = YES;
				GCC_WARN_ABOUT_RETURN_TYPE = YES_ERROR;
				GCC_WARN_UNDECLARED_SELECTOR = YES;
				GCC_WARN_UNINITIALIZED_AUTOS = YES_AGGRESSIVE;
				GCC_WARN_UNUSED_FUNCTION = YES;
				GCC_WARN_UNUSED_VARIABLE = YES;
				IPHONEOS_DEPLOYMENT_TARGET = 9.3;
				MTL_ENABLE_DEBUG_INFO = NO;
				SDKROOT = iphoneos;
				TARGETED_DEVICE_FAMILY = "1,2";
				VALIDATE_PRODUCT = YES;
			};
			name = Release;
		};
		0AF7551B1D4B9C73007AF117 /* Debug */ = {
			isa = XCBuildConfiguration;
			buildSettings = {
				ASSETCATALOG_COMPILER_APPICON_NAME = AppIcon;
				INFOPLIST_FILE = CollectionViewWithThreads/Info.plist;
				LD_RUNPATH_SEARCH_PATHS = "$(inherited) @executable_path/Frameworks";
				PRODUCT_BUNDLE_IDENTIFIER = PriyankaBandaru.CollectionViewWithThreads;
				PRODUCT_NAME = "$(TARGET_NAME)";
			};
			name = Debug;
		};
		0AF7551C1D4B9C73007AF117 /* Release */ = {
			isa = XCBuildConfiguration;
			buildSettings = {
				ASSETCATALOG_COMPILER_APPICON_NAME = AppIcon;
				INFOPLIST_FILE = CollectionViewWithThreads/Info.plist;
				LD_RUNPATH_SEARCH_PATHS = "$(inherited) @executable_path/Frameworks";
				PRODUCT_BUNDLE_IDENTIFIER = PriyankaBandaru.CollectionViewWithThreads;
				PRODUCT_NAME = "$(TARGET_NAME)";
			};
			name = Release;
		};
/* End XCBuildConfiguration section */

/* Begin XCConfigurationList section */
		0AF754FE1D4B9C73007AF117 /* Build configuration list for PBXProject "CollectionViewWithThreads" */ = {
			isa = XCConfigurationList;
			buildConfigurations = (
				0AF755181D4B9C73007AF117 /* Debug */,
				0AF755191D4B9C73007AF117 /* Release */,
			);
			defaultConfigurationIsVisible = 0;
			defaultConfigurationName = Release;
		};
		0AF7551A1D4B9C73007AF117 /* Build configuration list for PBXNativeTarget "CollectionViewWithThreads" */ = {
			isa = XCConfigurationList;
			buildConfigurations = (
				0AF7551B1D4B9C73007AF117 /* Debug */,
				0AF7551C1D4B9C73007AF117 /* Release */,
			);
			defaultConfigurationIsVisible = 0;
			defaultConfigurationName = Release;
		};
/* End XCConfigurationList section */
	};
	rootObject = 0AF754FB1D4B9C73007AF117 /* Project object */;
}
